// !$*UTF8*$!
{
	archiveVersion = 1;
	classes = {
	};
	objectVersion = 48;
	objects = {

/* Begin PBXBuildFile section */
		DCCEA54C20923A680058BBDE /* AppDelegate.swift in Sources */ = {isa = PBXBuildFile; fileRef = DCCEA54B20923A680058BBDE /* AppDelegate.swift */; };
		DCCEA54E20923A680058BBDE /* ViewController.swift in Sources */ = {isa = PBXBuildFile; fileRef = DCCEA54D20923A680058BBDE /* ViewController.swift */; };
		DCCEA55120923A680058BBDE /* Main.storyboard in Resources */ = {isa = PBXBuildFile; fileRef = DCCEA54F20923A680058BBDE /* Main.storyboard */; };
		DCCEA55420923A680058BBDE /* ArcGISSS.xcdatamodeld in Sources */ = {isa = PBXBuildFile; fileRef = DCCEA55220923A680058BBDE /* ArcGISSS.xcdatamodeld */; };
		DCCEA55620923A680058BBDE /* Assets.xcassets in Resources */ = {isa = PBXBuildFile; fileRef = DCCEA55520923A680058BBDE /* Assets.xcassets */; };
		DCCEA55920923A680058BBDE /* LaunchScreen.storyboard in Resources */ = {isa = PBXBuildFile; fileRef = DCCEA55720923A680058BBDE /* LaunchScreen.storyboard */; };
/* End PBXBuildFile section */

/* Begin PBXFileReference section */
		DCCEA54820923A670058BBDE /* ArcGISSS.app */ = {isa = PBXFileReference; explicitFileType = wrapper.application; includeInIndex = 0; path = ArcGISSS.app; sourceTree = BUILT_PRODUCTS_DIR; };
		DCCEA54B20923A680058BBDE /* AppDelegate.swift */ = {isa = PBXFileReference; lastKnownFileType = sourcecode.swift; path = AppDelegate.swift; sourceTree = "<group>"; };
		DCCEA54D20923A680058BBDE /* ViewController.swift */ = {isa = PBXFileReference; lastKnownFileType = sourcecode.swift; path = ViewController.swift; sourceTree = "<group>"; };
		DCCEA55020923A680058BBDE /* Base */ = {isa = PBXFileReference; lastKnownFileType = file.storyboard; name = Base; path = Base.lproj/Main.storyboard; sourceTree = "<group>"; };
		DCCEA55320923A680058BBDE /* ArcGISSS.xcdatamodel */ = {isa = PBXFileReference; lastKnownFileType = wrapper.xcdatamodel; path = ArcGISSS.xcdatamodel; sourceTree = "<group>"; };
		DCCEA55520923A680058BBDE /* Assets.xcassets */ = {isa = PBXFileReference; lastKnownFileType = folder.assetcatalog; path = Assets.xcassets; sourceTree = "<group>"; };
		DCCEA55820923A680058BBDE /* Base */ = {isa = PBXFileReference; lastKnownFileType = file.storyboard; name = Base; path = Base.lproj/LaunchScreen.storyboard; sourceTree = "<group>"; };
		DCCEA55A20923A680058BBDE /* Info.plist */ = {isa = PBXFileReference; lastKnownFileType = text.plist.xml; path = Info.plist; sourceTree = "<group>"; };
/* End PBXFileReference section */

/* Begin PBXFrameworksBuildPhase section */
		DCCEA54520923A670058BBDE /* Frameworks */ = {
			isa = PBXFrameworksBuildPhase;
			buildActionMask = 2147483647;
			files = (
			);
			runOnlyForDeploymentPostprocessing = 0;
		};
/* End PBXFrameworksBuildPhase section */

/* Begin PBXGroup section */
		DCCEA53F20923A670058BBDE = {
			isa = PBXGroup;
			children = (
				DCCEA54A20923A680058BBDE /* ArcGISSS */,
				DCCEA54920923A670058BBDE /* Products */,
			);
			sourceTree = "<group>";
		};
		DCCEA54920923A670058BBDE /* Products */ = {
			isa = PBXGroup;
			children = (
				DCCEA54820923A670058BBDE /* ArcGISSS.app */,
			);
			name = Products;
			sourceTree = "<group>";
		};
		DCCEA54A20923A680058BBDE /* ArcGISSS */ = {
			isa = PBXGroup;
			children = (
				DCCEA54B20923A680058BBDE /* AppDelegate.swift */,
				DCCEA54D20923A680058BBDE /* ViewController.swift */,
				DCCEA54F20923A680058BBDE /* Main.storyboard */,
				DCCEA55520923A680058BBDE /* Assets.xcassets */,
				DCCEA55720923A680058BBDE /* LaunchScreen.storyboard */,
				DCCEA55A20923A680058BBDE /* Info.plist */,
				DCCEA55220923A680058BBDE /* ArcGISSS.xcdatamodeld */,
			);
			path = ArcGISSS;
			sourceTree = "<group>";
		};
/* End PBXGroup section */

/* Begin PBXNativeTarget section */
		DCCEA54720923A670058BBDE /* ArcGISSS */ = {
			isa = PBXNativeTarget;
			buildConfigurationList = DCCEA55D20923A680058BBDE /* Build configuration list for PBXNativeTarget "ArcGISSS" */;
			buildPhases = (
				DCCEA54420923A670058BBDE /* Sources */,
				DCCEA54520923A670058BBDE /* Frameworks */,
				DCCEA54620923A670058BBDE /* Resources */,
			);
			buildRules = (
			);
			dependencies = (
			);
			name = ArcGISSS;
			productName = ArcGISSS;
			productReference = DCCEA54820923A670058BBDE /* ArcGISSS.app */;
			productType = "com.apple.product-type.application";
		};
/* End PBXNativeTarget section */

/* Begin PBXProject section */
		DCCEA54020923A670058BBDE /* Project object */ = {
			isa = PBXProject;
			attributes = {
				LastSwiftUpdateCheck = 0920;
				LastUpgradeCheck = 0920;
				ORGANIZATIONNAME = "Tinh Vu";
				TargetAttributes = {
					DCCEA54720923A670058BBDE = {
						CreatedOnToolsVersion = 9.2;
						ProvisioningStyle = Automatic;
					};
				};
			};
			buildConfigurationList = DCCEA54320923A670058BBDE /* Build configuration list for PBXProject "ArcGISSS" */;
			compatibilityVersion = "Xcode 8.0";
			developmentRegion = en;
			hasScannedForEncodings = 0;
			knownRegions = (
				en,
				Base,
			);
			mainGroup = DCCEA53F20923A670058BBDE;
			productRefGroup = DCCEA54920923A670058BBDE /* Products */;
			projectDirPath = "";
			projectRoot = "";
			targets = (
				DCCEA54720923A670058BBDE /* ArcGISSS */,
			);
		};
/* End PBXProject section */

/* Begin PBXResourcesBuildPhase section */
		DCCEA54620923A670058BBDE /* Resources */ = {
			isa = PBXResourcesBuildPhase;
			buildActionMask = 2147483647;
			files = (
				DCCEA55920923A680058BBDE /* LaunchScreen.storyboard in Resources */,
				DCCEA55620923A680058BBDE /* Assets.xcassets in Resources */,
				DCCEA55120923A680058BBDE /* Main.storyboard in Resources */,
			);
			runOnlyForDeploymentPostprocessing = 0;
		};
/* End PBXResourcesBuildPhase section */

/* Begin PBXSourcesBuildPhase section */
		DCCEA54420923A670058BBDE /* Sources */ = {
			isa = PBXSourcesBuildPhase;
			buildActionMask = 2147483647;
			files = (
				DCCEA54E20923A680058BBDE /* ViewController.swift in Sources */,
				DCCEA55420923A680058BBDE /* ArcGISSS.xcdatamodeld in Sources */,
				DCCEA54C20923A680058BBDE /* AppDelegate.swift in Sources */,
			);
			runOnlyForDeploymentPostprocessing = 0;
		};
/* End PBXSourcesBuildPhase section */

/* Begin PBXVariantGroup section */
		DCCEA54F20923A680058BBDE /* Main.storyboard */ = {
			isa = PBXVariantGroup;
			children = (
				DCCEA55020923A680058BBDE /* Base */,
			);
			name = Main.storyboard;
			sourceTree = "<group>";
		};
		DCCEA55720923A680058BBDE /* LaunchScreen.storyboard */ = {
			isa = PBXVariantGroup;
			children = (
				DCCEA55820923A680058BBDE /* Base */,
			);
			name = LaunchScreen.storyboard;
			sourceTree = "<group>";
		};
/* End PBXVariantGroup section */

/* Begin XCBuildConfiguration section */
		DCCEA55B20923A680058BBDE /* Debug */ = {
			isa = XCBuildConfiguration;
			buildSettings = {
				ALWAYS_SEARCH_USER_PATHS = NO;
				CLANG_ANALYZER_NONNULL = YES;
				CLANG_ANALYZER_NUMBER_OBJECT_CONVERSION = YES_AGGRESSIVE;
				CLANG_CXX_LANGUAGE_STANDARD = "gnu++14";
				CLANG_CXX_LIBRARY = "libc++";
				CLANG_ENABLE_MODULES = YES;
				CLANG_ENABLE_OBJC_ARC = YES;
				CLANG_WARN_BLOCK_CAPTURE_AUTORELEASING = YES;
				CLANG_WARN_BOOL_CONVERSION = YES;
				CLANG_WARN_COMMA = YES;
				CLANG_WARN_CONSTANT_CONVERSION = YES;
				CLANG_WARN_DIRECT_OBJC_ISA_USAGE = YES_ERROR;
				CLANG_WARN_DOCUMENTATION_COMMENTS = YES;
				CLANG_WARN_EMPTY_BODY = YES;
				CLANG_WARN_ENUM_CONVERSION = YES;
				CLANG_WARN_INFINITE_RECURSION = YES;
				CLANG_WARN_INT_CONVERSION = YES;
				CLANG_WARN_NON_LITERAL_NULL_CONVERSION = YES;
				CLANG_WARN_OBJC_LITERAL_CONVERSION = YES;
				CLANG_WARN_OBJC_ROOT_CLASS = YES_ERROR;
				CLANG_WARN_RANGE_LOOP_ANALYSIS = YES;
				CLANG_WARN_STRICT_PROTOTYPES = YES;
				CLANG_WARN_SUSPICIOUS_MOVE = YES;
				CLANG_WARN_UNGUARDED_AVAILABILITY = YES_AGGRESSIVE;
				CLANG_WARN_UNREACHABLE_CODE = YES;
				CLANG_WARN__DUPLICATE_METHOD_MATCH = YES;
				CODE_SIGN_IDENTITY = "iPhone Developer";
				COPY_PHASE_STRIP = NO;
				DEBUG_INFORMATION_FORMAT = dwarf;
				ENABLE_STRICT_OBJC_MSGSEND = YES;
				ENABLE_TESTABILITY = YES;
				GCC_C_LANGUAGE_STANDARD = gnu11;
				GCC_DYNAMIC_NO_PIC = NO;
				GCC_NO_COMMON_BLOCKS = YES;
				GCC_OPTIMIZATION_LEVEL = 0;
				GCC_PREPROCESSOR_DEFINITIONS = (
					"DEBUG=1",
					"$(inherited)",
				);
				GCC_WARN_64_TO_32_BIT_CONVERSION = YES;
				GCC_WARN_ABOUT_RETURN_TYPE = YES_ERROR;
				GCC_WARN_UNDECLARED_SELECTOR = YES;
				GCC_WARN_UNINITIALIZED_AUTOS = YES_AGGRESSIVE;
				GCC_WARN_UNUSED_FUNCTION = YES;
				GCC_WARN_UNUSED_VARIABLE = YES;
				IPHONEOS_DEPLOYMENT_TARGET = 11.2;
				MTL_ENABLE_DEBUG_INFO = YES;
				ONLY_ACTIVE_ARCH = YES;
				SDKROOT = iphoneos;
				SWIFT_ACTIVE_COMPILATION_CONDITIONS = DEBUG;
				SWIFT_OPTIMIZATION_LEVEL = "-Onone";
			};
			name = Debug;
		};
		DCCEA55C20923A680058BBDE /* Release */ = {
			isa = XCBuildConfiguration;
			buildSettings = {
				ALWAYS_SEARCH_USER_PATHS = NO;
				CLANG_ANALYZER_NONNULL = YES;
				CLANG_ANALYZER_NUMBER_OBJECT_CONVERSION = YES_AGGRESSIVE;
				CLANG_CXX_LANGUAGE_STANDARD = "gnu++14";
				CLANG_CXX_LIBRARY = "libc++";
				CLANG_ENABLE_MODULES = YES;
				CLANG_ENABLE_OBJC_ARC = YES;
				CLANG_WARN_BLOCK_CAPTURE_AUTORELEASING = YES;
				CLANG_WARN_BOOL_CONVERSION = YES;
				CLANG_WARN_COMMA = YES;
				CLANG_WARN_CONSTANT_CONVERSION = YES;
				CLANG_WARN_DIRECT_OBJC_ISA_USAGE = YES_ERROR;
				CLANG_WARN_DOCUMENTATION_COMMENTS = YES;
				CLANG_WARN_EMPTY_BODY = YES;
				CLANG_WARN_ENUM_CONVERSION = YES;
				CLANG_WARN_INFINITE_RECURSION = YES;
				CLANG_WARN_INT_CONVERSION = YES;
				CLANG_WARN_NON_LITERAL_NULL_CONVERSION = YES;
				CLANG_WARN_OBJC_LITERAL_CONVERSION = YES;
				CLANG_WARN_OBJC_ROOT_CLASS = YES_ERROR;
				CLANG_WARN_RANGE_LOOP_ANALYSIS = YES;
				CLANG_WARN_STRICT_PROTOTYPES = YES;
				CLANG_WARN_SUSPICIOUS_MOVE = YES;
				CLANG_WARN_UNGUARDED_AVAILABILITY = YES_AGGRESSIVE;
				CLANG_WARN_UNREACHABLE_CODE = YES;
				CLANG_WARN__DUPLICATE_METHOD_MATCH = YES;
				CODE_SIGN_IDENTITY = "iPhone Developer";
				COPY_PHASE_STRIP = NO;
				DEBUG_INFORMATION_FORMAT = "dwarf-with-dsym";
				ENABLE_NS_ASSERTIONS = NO;
				ENABLE_STRICT_OBJC_MSGSEND = YES;
				GCC_C_LANGUAGE_STANDARD = gnu11;
				GCC_NO_COMMON_BLOCKS = YES;
				GCC_WARN_64_TO_32_BIT_CONVERSION = YES;
				GCC_WARN_ABOUT_RETURN_TYPE = YES_ERROR;
				GCC_WARN_UNDECLARED_SELECTOR = YES;
				GCC_WARN_UNINITIALIZED_AUTOS = YES_AGGRESSIVE;
				GCC_WARN_UNUSED_FUNCTION = YES;
				GCC_WARN_UNUSED_VARIABLE = YES;
				IPHONEOS_DEPLOYMENT_TARGET = 11.2;
				MTL_ENABLE_DEBUG_INFO = NO;
				SDKROOT = iphoneos;
				SWIFT_OPTIMIZATION_LEVEL = "-Owholemodule";
				VALIDATE_PRODUCT = YES;
			};
			name = Release;
		};
		DCCEA55E20923A680058BBDE /* Debug */ = {
			isa = XCBuildConfiguration;
			buildSettings = {
				ASSETCATALOG_COMPILER_APPICON_NAME = AppIcon;
				CODE_SIGN_STYLE = Automatic;
				INFOPLIST_FILE = ArcGISSS/Info.plist;
				LD_RUNPATH_SEARCH_PATHS = "$(inherited) @executable_path/Frameworks";
				PRODUCT_BUNDLE_IDENTIFIER = Simson.VNA.ArcGISSS;
				PRODUCT_NAME = "$(TARGET_NAME)";
				SWIFT_VERSION = 4.0;
				TARGETED_DEVICE_FAMILY = "1,2";
			};
			name = Debug;
		};
		DCCEA55F20923A680058BBDE /* Release */ = {
			isa = XCBuildConfiguration;
			buildSettings = {
				ASSETCATALOG_COMPILER_APPICON_NAME = AppIcon;
				CODE_SIGN_STYLE = Automatic;
				INFOPLIST_FILE = ArcGISSS/Info.plist;
				LD_RUNPATH_SEARCH_PATHS = "$(inherited) @executable_path/Frameworks";
				PRODUCT_BUNDLE_IDENTIFIER = Simson.VNA.ArcGISSS;
				PRODUCT_NAME = "$(TARGET_NAME)";
				SWIFT_VERSION = 4.0;
				TARGETED_DEVICE_FAMILY = "1,2";
			};
			name = Release;
		};
/* End XCBuildConfiguration section */

/* Begin XCConfigurationList section */
		DCCEA54320923A670058BBDE /* Build configuration list for PBXProject "ArcGISSS" */ = {
			isa = XCConfigurationList;
			buildConfigurations = (
				DCCEA55B20923A680058BBDE /* Debug */,
				DCCEA55C20923A680058BBDE /* Release */,
			);
			defaultConfigurationIsVisible = 0;
			defaultConfigurationName = Release;
		};
		DCCEA55D20923A680058BBDE /* Build configuration list for PBXNativeTarget "ArcGISSS" */ = {
			isa = XCConfigurationList;
			buildConfigurations = (
				DCCEA55E20923A680058BBDE /* Debug */,
				DCCEA55F20923A680058BBDE /* Release */,
			);
			defaultConfigurationIsVisible = 0;
			defaultConfigurationName = Release;
		};
/* End XCConfigurationList section */

/* Begin XCVersionGroup section */
		DCCEA55220923A680058BBDE /* ArcGISSS.xcdatamodeld */ = {
			isa = XCVersionGroup;
			children = (
				DCCEA55320923A680058BBDE /* ArcGISSS.xcdatamodel */,
			);
			currentVersion = DCCEA55320923A680058BBDE /* ArcGISSS.xcdatamodel */;
			path = ArcGISSS.xcdatamodeld;
			sourceTree = "<group>";
			versionGroupType = wrapper.xcdatamodel;
		};
/* End XCVersionGroup section */
	};
	rootObject = DCCEA54020923A670058BBDE /* Project object */;
}
